{
  "name": "qr-image",
  "version": "3.2.0",
  "lockfileVersion": 1,
  "requires": true,
  "dependencies": {
    "react-zlib-js": {
      "version": "1.0.4",
      "resolved": "https://registry.npmjs.org/react-zlib-js/-/react-zlib-js-1.0.4.tgz",
      "integrity": "sha512-ynXD9DFxpE7vtGoa3ZwBtPmZrkZYw2plzHGbanUjBOSN4RtuXdektSfABykHtTiWEHMh7WdYj45LHtp228ZF1A=="
    }
  }
}
